{
  "name": "14_peer_coaching",
  "lockfileVersion": 3,
  "requires": true,
  "packages": {
    "": {
      "dependencies": {
        "resend": "^6.1.0"
      }
    },
    "node_modules/resend": {
      "version": "6.1.0",
      "resolved": "https://registry.npmjs.org/resend/-/resend-6.1.0.tgz",
      "integrity": "sha512-H0cJI2pcLk5/dGwyvZUHu+O7X/q6arvc40EWm+pRPuy+PSWojH5utZtmDBUZ2L0+gVwYZiWs6y2lw6GQA1z1rg==",
      "license": "MIT",
      "engines": {
        "node": ">=18"
      },
      "peerDependencies": {
        "@react-email/render": "^1.1.0"
      },
      "peerDependenciesMeta": {
        "@react-email/render": {
          "optional": true
        }
      }
    }
  }
}
